
Microsoft Visual Studio Solution File, Format Version 12.00
# Visual Studio Version 17
VisualStudioVersion = 17.8.34316.72
MinimumVisualStudioVersion = 10.0.40219.1
Project("{FAE04EC0-301F-11D3-BF4B-00C04F79EFBC}") = "BookStoreApi", "BookStoreApi\BookStoreApi.csproj", "{42B06220-6C44-4130-AAEB-E6F07C1D9245}"
EndProject
Global
	GlobalSection(SolutionConfigurationPlatforms) = preSolution
		Debug|Any CPU = Debug|Any CPU
		Release|Any CPU = Release|Any CPU
	EndGlobalSection
	GlobalSection(ProjectConfigurationPlatforms) = postSolution
		{42B06220-6C44-4130-AAEB-E6F07C1D9245}.Debug|Any CPU.ActiveCfg = Debug|Any CPU
		{42B06220-6C44-4130-AAEB-E6F07C1D9245}.Debug|Any CPU.Build.0 = Debug|Any CPU
		{42B06220-6C44-4130-AAEB-E6F07C1D9245}.Release|Any CPU.ActiveCfg = Release|Any CPU
		{42B06220-6C44-4130-AAEB-E6F07C1D9245}.Release|Any CPU.Build.0 = Release|Any CPU
	EndGlobalSection
	GlobalSection(SolutionProperties) = preSolution
		HideSolutionNode = FALSE
	EndGlobalSection
	GlobalSection(ExtensibilityGlobals) = postSolution
		SolutionGuid = {897A5F85-2A00-4100-B65E-056D19ECE8E9}
	EndGlobalSection
EndGlobal
